{
  "name": "WashHelperFrontend",
  "lockfileVersion": 2,
  "requires": true,
  "packages": {
    "": {
      "dependencies": {
        "firstui-uni": "^1.9.0"
      }
    },
    "node_modules/firstui-uni": {
      "version": "1.9.0",
      "resolved": "https://registry.npmmirror.com/firstui-uni/-/firstui-uni-1.9.0.tgz",
      "integrity": "sha512-bmgTBK/9Kd9w26g4r1nkXZSeMkH5kUuOypDbIASBOsa3wonrcg+EywLocCKe6t/TVhGDM8cJUFeb5//S23ioWQ=="
    }
  },
  "dependencies": {
    "firstui-uni": {
      "version": "1.9.0",
      "resolved": "https://registry.npmmirror.com/firstui-uni/-/firstui-uni-1.9.0.tgz",
      "integrity": "sha512-bmgTBK/9Kd9w26g4r1nkXZSeMkH5kUuOypDbIASBOsa3wonrcg+EywLocCKe6t/TVhGDM8cJUFeb5//S23ioWQ=="
    }
  }
}
